
Microsoft Visual Studio Solution File, Format Version 12.00
# Visual Studio Version 17
VisualStudioVersion = 17.3.32728.150
MinimumVisualStudioVersion = 10.0.40219.1
Project("{9A19103F-16F7-4668-BE54-9A1E7A4F7556}") = "MonoGame.WpfCore", "MonoGame.WpfCore\MonoGame.WpfCore.csproj", "{FD990210-B23B-44A8-A99D-7ECDD653E4CB}"
EndProject
Project("{9A19103F-16F7-4668-BE54-9A1E7A4F7556}") = "gamelib", "gamelib\gamelib.csproj", "{A1569AF4-9D88-4631-A391-861EA0476C5C}"
EndProject
Project("{9A19103F-16F7-4668-BE54-9A1E7A4F7556}") = "core20s", "core20s\core20s.csproj", "{23266D8A-B67F-46D7-A86E-2F303323E3EC}"
EndProject
Project("{9A19103F-16F7-4668-BE54-9A1E7A4F7556}") = "WPFGrid", "..\pup10\Branches\ShadowTool2\Source Codes\PropertyGrid\WPFGrid.csproj", "{01377264-3B38-42F8-9C38-9E6E4742D10C}"
EndProject
Global
	GlobalSection(SolutionConfigurationPlatforms) = preSolution
		Debug|Any CPU = Debug|Any CPU
		Release|Any CPU = Release|Any CPU
	EndGlobalSection
	GlobalSection(ProjectConfigurationPlatforms) = postSolution
		{FD990210-B23B-44A8-A99D-7ECDD653E4CB}.Debug|Any CPU.ActiveCfg = Debug|Any CPU
		{FD990210-B23B-44A8-A99D-7ECDD653E4CB}.Debug|Any CPU.Build.0 = Debug|Any CPU
		{FD990210-B23B-44A8-A99D-7ECDD653E4CB}.Release|Any CPU.ActiveCfg = Release|Any CPU
		{FD990210-B23B-44A8-A99D-7ECDD653E4CB}.Release|Any CPU.Build.0 = Release|Any CPU
		{A1569AF4-9D88-4631-A391-861EA0476C5C}.Debug|Any CPU.ActiveCfg = Debug|Any CPU
		{A1569AF4-9D88-4631-A391-861EA0476C5C}.Debug|Any CPU.Build.0 = Debug|Any CPU
		{A1569AF4-9D88-4631-A391-861EA0476C5C}.Release|Any CPU.ActiveCfg = Release|Any CPU
		{A1569AF4-9D88-4631-A391-861EA0476C5C}.Release|Any CPU.Build.0 = Release|Any CPU
		{23266D8A-B67F-46D7-A86E-2F303323E3EC}.Debug|Any CPU.ActiveCfg = Debug|Any CPU
		{23266D8A-B67F-46D7-A86E-2F303323E3EC}.Debug|Any CPU.Build.0 = Debug|Any CPU
		{23266D8A-B67F-46D7-A86E-2F303323E3EC}.Release|Any CPU.ActiveCfg = Release|Any CPU
		{23266D8A-B67F-46D7-A86E-2F303323E3EC}.Release|Any CPU.Build.0 = Release|Any CPU
		{01377264-3B38-42F8-9C38-9E6E4742D10C}.Debug|Any CPU.ActiveCfg = Debug|Any CPU
		{01377264-3B38-42F8-9C38-9E6E4742D10C}.Debug|Any CPU.Build.0 = Debug|Any CPU
		{01377264-3B38-42F8-9C38-9E6E4742D10C}.Release|Any CPU.ActiveCfg = Release|Any CPU
		{01377264-3B38-42F8-9C38-9E6E4742D10C}.Release|Any CPU.Build.0 = Release|Any CPU
	EndGlobalSection
	GlobalSection(SolutionProperties) = preSolution
		HideSolutionNode = FALSE
	EndGlobalSection
	GlobalSection(ExtensibilityGlobals) = postSolution
		SolutionGuid = {AF68482C-85D0-4834-A849-BF32F9E51DC8}
	EndGlobalSection
EndGlobal
